// !$*UTF8*$!
{
	archiveVersion = 1;
	classes = {
	};
	objectVersion = 46;
	objects = {

/* Begin PBXBuildFile section */
		BD04D8FC1F59FA9300B0E6D5 /* libEventTracker.a in Frameworks */ = {isa = PBXBuildFile; fileRef = BD04D8FB1F59FA9300B0E6D5 /* libEventTracker.a */; };
		BD5F073D1F5799C700EF2DD9 /* main.m in Sources */ = {isa = PBXBuildFile; fileRef = BD5F073C1F5799C700EF2DD9 /* main.m */; };
		BD5F07481F5799C700EF2DD9 /* Assets.xcassets in Resources */ = {isa = PBXBuildFile; fileRef = BD5F07471F5799C700EF2DD9 /* Assets.xcassets */; };
		BD5F07561F5799C700EF2DD9 /* EventTrackerDemoAppTests.m in Sources */ = {isa = PBXBuildFile; fileRef = BD5F07551F5799C700EF2DD9 /* EventTrackerDemoAppTests.m */; };
		BD5F07611F5799C700EF2DD9 /* EventTrackerDemoAppUITests.m in Sources */ = {isa = PBXBuildFile; fileRef = BD5F07601F5799C700EF2DD9 /* EventTrackerDemoAppUITests.m */; };
		BD5F076F1F579A0900EF2DD9 /* irViewController_iPhone.xib in Resources */ = {isa = PBXBuildFile; fileRef = BD5F076E1F579A0900EF2DD9 /* irViewController_iPhone.xib */; };
		BD5F07741F579A7E00EF2DD9 /* irAppDelegate.m in Sources */ = {isa = PBXBuildFile; fileRef = BD5F07711F579A7E00EF2DD9 /* irAppDelegate.m */; };
		BD5F07751F579A7E00EF2DD9 /* irViewController.m in Sources */ = {isa = PBXBuildFile; fileRef = BD5F07731F579A7E00EF2DD9 /* irViewController.m */; };
/* End PBXBuildFile section */

/* Begin PBXContainerItemProxy section */
		BD5F07521F5799C700EF2DD9 /* PBXContainerItemProxy */ = {
			isa = PBXContainerItemProxy;
			containerPortal = BD5F07301F5799C700EF2DD9 /* Project object */;
			proxyType = 1;
			remoteGlobalIDString = BD5F07371F5799C700EF2DD9;
			remoteInfo = EventTrackerDemoApp;
		};
		BD5F075D1F5799C700EF2DD9 /* PBXContainerItemProxy */ = {
			isa = PBXContainerItemProxy;
			containerPortal = BD5F07301F5799C700EF2DD9 /* Project object */;
			proxyType = 1;
			remoteGlobalIDString = BD5F07371F5799C700EF2DD9;
			remoteInfo = EventTrackerDemoApp;
		};
/* End PBXContainerItemProxy section */

/* Begin PBXFileReference section */
		BD04D8FB1F59FA9300B0E6D5 /* libEventTracker.a */ = {isa = PBXFileReference; lastKnownFileType = archive.ar; name = libEventTracker.a; path = "../DerivedData/irm-ios/Build/Products/Debug-iphonesimulator/libEventTracker.a"; sourceTree = "<group>"; };
		BD5F07381F5799C700EF2DD9 /* EventTrackerDemoApp.app */ = {isa = PBXFileReference; explicitFileType = wrapper.application; includeInIndex = 0; path = EventTrackerDemoApp.app; sourceTree = BUILT_PRODUCTS_DIR; };
		BD5F073C1F5799C700EF2DD9 /* main.m */ = {isa = PBXFileReference; lastKnownFileType = sourcecode.c.objc; path = main.m; sourceTree = "<group>"; };
		BD5F07471F5799C700EF2DD9 /* Assets.xcassets */ = {isa = PBXFileReference; lastKnownFileType = folder.assetcatalog; path = Assets.xcassets; sourceTree = "<group>"; };
		BD5F074C1F5799C700EF2DD9 /* Info.plist */ = {isa = PBXFileReference; lastKnownFileType = text.plist.xml; path = Info.plist; sourceTree = "<group>"; };
		BD5F07511F5799C700EF2DD9 /* EventTrackerDemoAppTests.xctest */ = {isa = PBXFileReference; explicitFileType = wrapper.cfbundle; includeInIndex = 0; path = EventTrackerDemoAppTests.xctest; sourceTree = BUILT_PRODUCTS_DIR; };
		BD5F07551F5799C700EF2DD9 /* EventTrackerDemoAppTests.m */ = {isa = PBXFileReference; lastKnownFileType = sourcecode.c.objc; path = EventTrackerDemoAppTests.m; sourceTree = "<group>"; };
		BD5F07571F5799C700EF2DD9 /* Info.plist */ = {isa = PBXFileReference; lastKnownFileType = text.plist.xml; path = Info.plist; sourceTree = "<group>"; };
		BD5F075C1F5799C700EF2DD9 /* EventTrackerDemoAppUITests.xctest */ = {isa = PBXFileReference; explicitFileType = wrapper.cfbundle; includeInIndex = 0; path = EventTrackerDemoAppUITests.xctest; sourceTree = BUILT_PRODUCTS_DIR; };
		BD5F07601F5799C700EF2DD9 /* EventTrackerDemoAppUITests.m */ = {isa = PBXFileReference; lastKnownFileType = sourcecode.c.objc; path = EventTrackerDemoAppUITests.m; sourceTree = "<group>"; };
		BD5F07621F5799C700EF2DD9 /* Info.plist */ = {isa = PBXFileReference; lastKnownFileType = text.plist.xml; path = Info.plist; sourceTree = "<group>"; };
		BD5F076E1F579A0900EF2DD9 /* irViewController_iPhone.xib */ = {isa = PBXFileReference; fileEncoding = 4; lastKnownFileType = file.xib; name = irViewController_iPhone.xib; path = ../irViewController_iPhone.xib; sourceTree = "<group>"; };
		BD5F07701F579A7E00EF2DD9 /* irAppDelegate.h */ = {isa = PBXFileReference; fileEncoding = 4; lastKnownFileType = sourcecode.c.h; path = irAppDelegate.h; sourceTree = SOURCE_ROOT; };
		BD5F07711F579A7E00EF2DD9 /* irAppDelegate.m */ = {isa = PBXFileReference; fileEncoding = 4; lastKnownFileType = sourcecode.c.objc; path = irAppDelegate.m; sourceTree = SOURCE_ROOT; };
		BD5F07721F579A7E00EF2DD9 /* irViewController.h */ = {isa = PBXFileReference; fileEncoding = 4; lastKnownFileType = sourcecode.c.h; path = irViewController.h; sourceTree = SOURCE_ROOT; };
		BD5F07731F579A7E00EF2DD9 /* irViewController.m */ = {isa = PBXFileReference; fileEncoding = 4; lastKnownFileType = sourcecode.c.objc; path = irViewController.m; sourceTree = SOURCE_ROOT; };
/* End PBXFileReference section */

/* Begin PBXFrameworksBuildPhase section */
		BD5F07351F5799C700EF2DD9 /* Frameworks */ = {
			isa = PBXFrameworksBuildPhase;
			buildActionMask = 2147483647;
			files = (
				BD04D8FC1F59FA9300B0E6D5 /* libEventTracker.a in Frameworks */,
			);
			runOnlyForDeploymentPostprocessing = 0;
		};
		BD5F074E1F5799C700EF2DD9 /* Frameworks */ = {
			isa = PBXFrameworksBuildPhase;
			buildActionMask = 2147483647;
			files = (
			);
			runOnlyForDeploymentPostprocessing = 0;
		};
		BD5F07591F5799C700EF2DD9 /* Frameworks */ = {
			isa = PBXFrameworksBuildPhase;
			buildActionMask = 2147483647;
			files = (
			);
			runOnlyForDeploymentPostprocessing = 0;
		};
/* End PBXFrameworksBuildPhase section */

/* Begin PBXGroup section */
		BD5F072F1F5799C700EF2DD9 = {
			isa = PBXGroup;
			children = (
				BD04D8FB1F59FA9300B0E6D5 /* libEventTracker.a */,
				BD5F073A1F5799C700EF2DD9 /* EventTrackerDemoApp */,
				BD5F07541F5799C700EF2DD9 /* EventTrackerDemoAppTests */,
				BD5F075F1F5799C700EF2DD9 /* EventTrackerDemoAppUITests */,
				BD5F07391F5799C700EF2DD9 /* Products */,
			);
			sourceTree = "<group>";
		};
		BD5F07391F5799C700EF2DD9 /* Products */ = {
			isa = PBXGroup;
			children = (
				BD5F07381F5799C700EF2DD9 /* EventTrackerDemoApp.app */,
				BD5F07511F5799C700EF2DD9 /* EventTrackerDemoAppTests.xctest */,
				BD5F075C1F5799C700EF2DD9 /* EventTrackerDemoAppUITests.xctest */,
			);
			name = Products;
			sourceTree = "<group>";
		};
		BD5F073A1F5799C700EF2DD9 /* EventTrackerDemoApp */ = {
			isa = PBXGroup;
			children = (
				BD5F07701F579A7E00EF2DD9 /* irAppDelegate.h */,
				BD5F07711F579A7E00EF2DD9 /* irAppDelegate.m */,
				BD5F07721F579A7E00EF2DD9 /* irViewController.h */,
				BD5F07731F579A7E00EF2DD9 /* irViewController.m */,
				BD5F076E1F579A0900EF2DD9 /* irViewController_iPhone.xib */,
				BD5F07471F5799C700EF2DD9 /* Assets.xcassets */,
				BD5F074C1F5799C700EF2DD9 /* Info.plist */,
				BD5F073B1F5799C700EF2DD9 /* Supporting Files */,
			);
			path = EventTrackerDemoApp;
			sourceTree = "<group>";
		};
		BD5F073B1F5799C700EF2DD9 /* Supporting Files */ = {
			isa = PBXGroup;
			children = (
				BD5F073C1F5799C700EF2DD9 /* main.m */,
			);
			name = "Supporting Files";
			sourceTree = "<group>";
		};
		BD5F07541F5799C700EF2DD9 /* EventTrackerDemoAppTests */ = {
			isa = PBXGroup;
			children = (
				BD5F07551F5799C700EF2DD9 /* EventTrackerDemoAppTests.m */,
				BD5F07571F5799C700EF2DD9 /* Info.plist */,
			);
			path = EventTrackerDemoAppTests;
			sourceTree = "<group>";
		};
		BD5F075F1F5799C700EF2DD9 /* EventTrackerDemoAppUITests */ = {
			isa = PBXGroup;
			children = (
				BD5F07601F5799C700EF2DD9 /* EventTrackerDemoAppUITests.m */,
				BD5F07621F5799C700EF2DD9 /* Info.plist */,
			);
			path = EventTrackerDemoAppUITests;
			sourceTree = "<group>";
		};
/* End PBXGroup section */

/* Begin PBXNativeTarget section */
		BD5F07371F5799C700EF2DD9 /* EventTrackerDemoApp */ = {
			isa = PBXNativeTarget;
			buildConfigurationList = BD5F07651F5799C700EF2DD9 /* Build configuration list for PBXNativeTarget "EventTrackerDemoApp" */;
			buildPhases = (
				BD5F07341F5799C700EF2DD9 /* Sources */,
				BD5F07351F5799C700EF2DD9 /* Frameworks */,
				BD5F07361F5799C700EF2DD9 /* Resources */,
			);
			buildRules = (
			);
			dependencies = (
			);
			name = EventTrackerDemoApp;
			productName = EventTrackerDemoApp;
			productReference = BD5F07381F5799C700EF2DD9 /* EventTrackerDemoApp.app */;
			productType = "com.apple.product-type.application";
		};
		BD5F07501F5799C700EF2DD9 /* EventTrackerDemoAppTests */ = {
			isa = PBXNativeTarget;
			buildConfigurationList = BD5F07681F5799C700EF2DD9 /* Build configuration list for PBXNativeTarget "EventTrackerDemoAppTests" */;
			buildPhases = (
				BD5F074D1F5799C700EF2DD9 /* Sources */,
				BD5F074E1F5799C700EF2DD9 /* Frameworks */,
				BD5F074F1F5799C700EF2DD9 /* Resources */,
			);
			buildRules = (
			);
			dependencies = (
				BD5F07531F5799C700EF2DD9 /* PBXTargetDependency */,
			);
			name = EventTrackerDemoAppTests;
			productName = EventTrackerDemoAppTests;
			productReference = BD5F07511F5799C700EF2DD9 /* EventTrackerDemoAppTests.xctest */;
			productType = "com.apple.product-type.bundle.unit-test";
		};
		BD5F075B1F5799C700EF2DD9 /* EventTrackerDemoAppUITests */ = {
			isa = PBXNativeTarget;
			buildConfigurationList = BD5F076B1F5799C700EF2DD9 /* Build configuration list for PBXNativeTarget "EventTrackerDemoAppUITests" */;
			buildPhases = (
				BD5F07581F5799C700EF2DD9 /* Sources */,
				BD5F07591F5799C700EF2DD9 /* Frameworks */,
				BD5F075A1F5799C700EF2DD9 /* Resources */,
			);
			buildRules = (
			);
			dependencies = (
				BD5F075E1F5799C700EF2DD9 /* PBXTargetDependency */,
			);
			name = EventTrackerDemoAppUITests;
			productName = EventTrackerDemoAppUITests;
			productReference = BD5F075C1F5799C700EF2DD9 /* EventTrackerDemoAppUITests.xctest */;
			productType = "com.apple.product-type.bundle.ui-testing";
		};
/* End PBXNativeTarget section */

/* Begin PBXProject section */
		BD5F07301F5799C700EF2DD9 /* Project object */ = {
			isa = PBXProject;
			attributes = {
				LastUpgradeCheck = 0730;
				ORGANIZATIONNAME = "Impact Radius";
				TargetAttributes = {
					BD5F07371F5799C700EF2DD9 = {
						CreatedOnToolsVersion = 7.3.1;
					};
					BD5F07501F5799C700EF2DD9 = {
						CreatedOnToolsVersion = 7.3.1;
						TestTargetID = BD5F07371F5799C700EF2DD9;
					};
					BD5F075B1F5799C700EF2DD9 = {
						CreatedOnToolsVersion = 7.3.1;
						TestTargetID = BD5F07371F5799C700EF2DD9;
					};
				};
			};
			buildConfigurationList = BD5F07331F5799C700EF2DD9 /* Build configuration list for PBXProject "EventTrackerDemoApp" */;
			compatibilityVersion = "Xcode 3.2";
			developmentRegion = English;
			hasScannedForEncodings = 0;
			knownRegions = (
				en,
				Base,
			);
			mainGroup = BD5F072F1F5799C700EF2DD9;
			productRefGroup = BD5F07391F5799C700EF2DD9 /* Products */;
			projectDirPath = "";
			projectRoot = "";
			targets = (
				BD5F07371F5799C700EF2DD9 /* EventTrackerDemoApp */,
				BD5F07501F5799C700EF2DD9 /* EventTrackerDemoAppTests */,
				BD5F075B1F5799C700EF2DD9 /* EventTrackerDemoAppUITests */,
			);
		};
/* End PBXProject section */

/* Begin PBXResourcesBuildPhase section */
		BD5F07361F5799C700EF2DD9 /* Resources */ = {
			isa = PBXResourcesBuildPhase;
			buildActionMask = 2147483647;
			files = (
				BD5F076F1F579A0900EF2DD9 /* irViewController_iPhone.xib in Resources */,
				BD5F07481F5799C700EF2DD9 /* Assets.xcassets in Resources */,
			);
			runOnlyForDeploymentPostprocessing = 0;
		};
		BD5F074F1F5799C700EF2DD9 /* Resources */ = {
			isa = PBXResourcesBuildPhase;
			buildActionMask = 2147483647;
			files = (
			);
			runOnlyForDeploymentPostprocessing = 0;
		};
		BD5F075A1F5799C700EF2DD9 /* Resources */ = {
			isa = PBXResourcesBuildPhase;
			buildActionMask = 2147483647;
			files = (
			);
			runOnlyForDeploymentPostprocessing = 0;
		};
/* End PBXResourcesBuildPhase section */

/* Begin PBXSourcesBuildPhase section */
		BD5F07341F5799C700EF2DD9 /* Sources */ = {
			isa = PBXSourcesBuildPhase;
			buildActionMask = 2147483647;
			files = (
				BD5F073D1F5799C700EF2DD9 /* main.m in Sources */,
				BD5F07751F579A7E00EF2DD9 /* irViewController.m in Sources */,
				BD5F07741F579A7E00EF2DD9 /* irAppDelegate.m in Sources */,
			);
			runOnlyForDeploymentPostprocessing = 0;
		};
		BD5F074D1F5799C700EF2DD9 /* Sources */ = {
			isa = PBXSourcesBuildPhase;
			buildActionMask = 2147483647;
			files = (
				BD5F07561F5799C700EF2DD9 /* EventTrackerDemoAppTests.m in Sources */,
			);
			runOnlyForDeploymentPostprocessing = 0;
		};
		BD5F07581F5799C700EF2DD9 /* Sources */ = {
			isa = PBXSourcesBuildPhase;
			buildActionMask = 2147483647;
			files = (
				BD5F07611F5799C700EF2DD9 /* EventTrackerDemoAppUITests.m in Sources */,
			);
			runOnlyForDeploymentPostprocessing = 0;
		};
/* End PBXSourcesBuildPhase section */

/* Begin PBXTargetDependency section */
		BD5F07531F5799C700EF2DD9 /* PBXTargetDependency */ = {
			isa = PBXTargetDependency;
			target = BD5F07371F5799C700EF2DD9 /* EventTrackerDemoApp */;
			targetProxy = BD5F07521F5799C700EF2DD9 /* PBXContainerItemProxy */;
		};
		BD5F075E1F5799C700EF2DD9 /* PBXTargetDependency */ = {
			isa = PBXTargetDependency;
			target = BD5F07371F5799C700EF2DD9 /* EventTrackerDemoApp */;
			targetProxy = BD5F075D1F5799C700EF2DD9 /* PBXContainerItemProxy */;
		};
/* End PBXTargetDependency section */

/* Begin XCBuildConfiguration section */
		BD5F07631F5799C700EF2DD9 /* Debug */ = {
			isa = XCBuildConfiguration;
			buildSettings = {
				ALWAYS_SEARCH_USER_PATHS = NO;
				CLANG_ANALYZER_NONNULL = YES;
				CLANG_CXX_LANGUAGE_STANDARD = "gnu++0x";
				CLANG_CXX_LIBRARY = "libc++";
				CLANG_ENABLE_MODULES = YES;
				CLANG_ENABLE_OBJC_ARC = YES;
				CLANG_WARN_BOOL_CONVERSION = YES;
				CLANG_WARN_CONSTANT_CONVERSION = YES;
				CLANG_WARN_DIRECT_OBJC_ISA_USAGE = YES_ERROR;
				CLANG_WARN_EMPTY_BODY = YES;
				CLANG_WARN_ENUM_CONVERSION = YES;
				CLANG_WARN_INT_CONVERSION = YES;
				CLANG_WARN_OBJC_ROOT_CLASS = YES_ERROR;
				CLANG_WARN_UNREACHABLE_CODE = YES;
				CLANG_WARN__DUPLICATE_METHOD_MATCH = YES;
				"CODE_SIGN_IDENTITY[sdk=iphoneos*]" = "iPhone Developer";
				COPY_PHASE_STRIP = NO;
				DEBUG_INFORMATION_FORMAT = dwarf;
				ENABLE_STRICT_OBJC_MSGSEND = YES;
				ENABLE_TESTABILITY = YES;
				GCC_C_LANGUAGE_STANDARD = gnu99;
				GCC_DYNAMIC_NO_PIC = NO;
				GCC_NO_COMMON_BLOCKS = YES;
				GCC_OPTIMIZATION_LEVEL = 0;
				GCC_PREPROCESSOR_DEFINITIONS = (
					"DEBUG=1",
					"$(inherited)",
				);
				GCC_WARN_64_TO_32_BIT_CONVERSION = YES;
				GCC_WARN_ABOUT_RETURN_TYPE = YES_ERROR;
				GCC_WARN_UNDECLARED_SELECTOR = YES;
				GCC_WARN_UNINITIALIZED_AUTOS = YES_AGGRESSIVE;
				GCC_WARN_UNUSED_FUNCTION = YES;
				GCC_WARN_UNUSED_VARIABLE = YES;
				IPHONEOS_DEPLOYMENT_TARGET = 9.3;
				MTL_ENABLE_DEBUG_INFO = YES;
				ONLY_ACTIVE_ARCH = YES;
				SDKROOT = iphoneos;
				TARGETED_DEVICE_FAMILY = "1,2";
			};
			name = Debug;
		};
		BD5F07641F5799C700EF2DD9 /* Release */ = {
			isa = XCBuildConfiguration;
			buildSettings = {
				ALWAYS_SEARCH_USER_PATHS = NO;
				CLANG_ANALYZER_NONNULL = YES;
				CLANG_CXX_LANGUAGE_STANDARD = "gnu++0x";
				CLANG_CXX_LIBRARY = "libc++";
				CLANG_ENABLE_MODULES = YES;
				CLANG_ENABLE_OBJC_ARC = YES;
				CLANG_WARN_BOOL_CONVERSION = YES;
				CLANG_WARN_CONSTANT_CONVERSION = YES;
				CLANG_WARN_DIRECT_OBJC_ISA_USAGE = YES_ERROR;
				CLANG_WARN_EMPTY_BODY = YES;
				CLANG_WARN_ENUM_CONVERSION = YES;
				CLANG_WARN_INT_CONVERSION = YES;
				CLANG_WARN_OBJC_ROOT_CLASS = YES_ERROR;
				CLANG_WARN_UNREACHABLE_CODE = YES;
				CLANG_WARN__DUPLICATE_METHOD_MATCH = YES;
				"CODE_SIGN_IDENTITY[sdk=iphoneos*]" = "iPhone Developer";
				COPY_PHASE_STRIP = NO;
				DEBUG_INFORMATION_FORMAT = "dwarf-with-dsym";
				ENABLE_NS_ASSERTIONS = NO;
				ENABLE_STRICT_OBJC_MSGSEND = YES;
				GCC_C_LANGUAGE_STANDARD = gnu99;
				GCC_NO_COMMON_BLOCKS = YES;
				GCC_WARN_64_TO_32_BIT_CONVERSION = YES;
				GCC_WARN_ABOUT_RETURN_TYPE = YES_ERROR;
				GCC_WARN_UNDECLARED_SELECTOR = YES;
				GCC_WARN_UNINITIALIZED_AUTOS = YES_AGGRESSIVE;
				GCC_WARN_UNUSED_FUNCTION = YES;
				GCC_WARN_UNUSED_VARIABLE = YES;
				IPHONEOS_DEPLOYMENT_TARGET = 9.3;
				MTL_ENABLE_DEBUG_INFO = NO;
				SDKROOT = iphoneos;
				TARGETED_DEVICE_FAMILY = "1,2";
				VALIDATE_PRODUCT = YES;
			};
			name = Release;
		};
		BD5F07661F5799C700EF2DD9 /* Debug */ = {
			isa = XCBuildConfiguration;
			buildSettings = {
				ASSETCATALOG_COMPILER_APPICON_NAME = AppIcon;
				INFOPLIST_FILE = EventTrackerDemoApp/Info.plist;
				IPHONEOS_DEPLOYMENT_TARGET = 9.3;
				LD_RUNPATH_SEARCH_PATHS = "$(inherited) @executable_path/Frameworks";
				PRODUCT_BUNDLE_IDENTIFIER = estalea.ir.EventTrackerDemoApp;
				PRODUCT_NAME = "$(TARGET_NAME)";
				TARGETED_DEVICE_FAMILY = 1;
				"USER_HEADER_SEARCH_PATHS[arch=*]" = ../EventTracker/;
			};
			name = Debug;
		};
		BD5F07671F5799C700EF2DD9 /* Release */ = {
			isa = XCBuildConfiguration;
			buildSettings = {
				ASSETCATALOG_COMPILER_APPICON_NAME = AppIcon;
				INFOPLIST_FILE = EventTrackerDemoApp/Info.plist;
				IPHONEOS_DEPLOYMENT_TARGET = 9.3;
				LD_RUNPATH_SEARCH_PATHS = "$(inherited) @executable_path/Frameworks";
				PRODUCT_BUNDLE_IDENTIFIER = estalea.ir.EventTrackerDemoApp;
				PRODUCT_NAME = "$(TARGET_NAME)";
				TARGETED_DEVICE_FAMILY = 1;
				"USER_HEADER_SEARCH_PATHS[arch=*]" = ../EventTracker/;
			};
			name = Release;
		};
		BD5F07691F5799C700EF2DD9 /* Debug */ = {
			isa = XCBuildConfiguration;
			buildSettings = {
				BUNDLE_LOADER = "$(TEST_HOST)";
				INFOPLIST_FILE = EventTrackerDemoAppTests/Info.plist;
				LD_RUNPATH_SEARCH_PATHS = "$(inherited) @executable_path/Frameworks @loader_path/Frameworks";
				PRODUCT_BUNDLE_IDENTIFIER = estalea.ir.EventTrackerDemoAppTests;
				PRODUCT_NAME = "$(TARGET_NAME)";
				TEST_HOST = "$(BUILT_PRODUCTS_DIR)/EventTrackerDemoApp.app/EventTrackerDemoApp";
			};
			name = Debug;
		};
		BD5F076A1F5799C700EF2DD9 /* Release */ = {
			isa = XCBuildConfiguration;
			buildSettings = {
				BUNDLE_LOADER = "$(TEST_HOST)";
				INFOPLIST_FILE = EventTrackerDemoAppTests/Info.plist;
				LD_RUNPATH_SEARCH_PATHS = "$(inherited) @executable_path/Frameworks @loader_path/Frameworks";
				PRODUCT_BUNDLE_IDENTIFIER = estalea.ir.EventTrackerDemoAppTests;
				PRODUCT_NAME = "$(TARGET_NAME)";
				TEST_HOST = "$(BUILT_PRODUCTS_DIR)/EventTrackerDemoApp.app/EventTrackerDemoApp";
			};
			name = Release;
		};
		BD5F076C1F5799C700EF2DD9 /* Debug */ = {
			isa = XCBuildConfiguration;
			buildSettings = {
				INFOPLIST_FILE = EventTrackerDemoAppUITests/Info.plist;
				LD_RUNPATH_SEARCH_PATHS = "$(inherited) @executable_path/Frameworks @loader_path/Frameworks";
				PRODUCT_BUNDLE_IDENTIFIER = estalea.ir.EventTrackerDemoAppUITests;
				PRODUCT_NAME = "$(TARGET_NAME)";
				TEST_TARGET_NAME = EventTrackerDemoApp;
			};
			name = Debug;
		};
		BD5F076D1F5799C700EF2DD9 /* Release */ = {
			isa = XCBuildConfiguration;
			buildSettings = {
				INFOPLIST_FILE = EventTrackerDemoAppUITests/Info.plist;
				LD_RUNPATH_SEARCH_PATHS = "$(inherited) @executable_path/Frameworks @loader_path/Frameworks";
				PRODUCT_BUNDLE_IDENTIFIER = estalea.ir.EventTrackerDemoAppUITests;
				PRODUCT_NAME = "$(TARGET_NAME)";
				TEST_TARGET_NAME = EventTrackerDemoApp;
			};
			name = Release;
		};
/* End XCBuildConfiguration section */

/* Begin XCConfigurationList section */
		BD5F07331F5799C700EF2DD9 /* Build configuration list for PBXProject "EventTrackerDemoApp" */ = {
			isa = XCConfigurationList;
			buildConfigurations = (
				BD5F07631F5799C700EF2DD9 /* Debug */,
				BD5F07641F5799C700EF2DD9 /* Release */,
			);
			defaultConfigurationIsVisible = 0;
			defaultConfigurationName = Release;
		};
		BD5F07651F5799C700EF2DD9 /* Build configuration list for PBXNativeTarget "EventTrackerDemoApp" */ = {
			isa = XCConfigurationList;
			buildConfigurations = (
				BD5F07661F5799C700EF2DD9 /* Debug */,
				BD5F07671F5799C700EF2DD9 /* Release */,
			);
			defaultConfigurationIsVisible = 0;
			defaultConfigurationName = Release;
		};
		BD5F07681F5799C700EF2DD9 /* Build configuration list for PBXNativeTarget "EventTrackerDemoAppTests" */ = {
			isa = XCConfigurationList;
			buildConfigurations = (
				BD5F07691F5799C700EF2DD9 /* Debug */,
				BD5F076A1F5799C700EF2DD9 /* Release */,
			);
			defaultConfigurationIsVisible = 0;
			defaultConfigurationName = Release;
		};
		BD5F076B1F5799C700EF2DD9 /* Build configuration list for PBXNativeTarget "EventTrackerDemoAppUITests" */ = {
			isa = XCConfigurationList;
			buildConfigurations = (
				BD5F076C1F5799C700EF2DD9 /* Debug */,
				BD5F076D1F5799C700EF2DD9 /* Release */,
			);
			defaultConfigurationIsVisible = 0;
			defaultConfigurationName = Release;
		};
/* End XCConfigurationList section */
	};
	rootObject = BD5F07301F5799C700EF2DD9 /* Project object */;
}
